
Microsoft Visual Studio Solution File, Format Version 12.00
# Visual Studio 15
VisualStudioVersion = 15.0.28307.852
MinimumVisualStudioVersion = 10.0.40219.1
Project("{FAE04EC0-301F-11D3-BF4B-00C04F79EFBC}") = "API_May22", "Practice_May22\API_May22.csproj", "{E3A2FFA4-EDD8-431C-898C-0A1822759183}"
EndProject
Project("{FAE04EC0-301F-11D3-BF4B-00C04F79EFBC}") = "MVC_May22", "..\MVC_May22\MVC_May22.csproj", "{A7A6959A-5024-4163-9678-2D13DB0F88EB}"
EndProject
Global
	GlobalSection(SolutionConfigurationPlatforms) = preSolution
		Debug|Any CPU = Debug|Any CPU
		Release|Any CPU = Release|Any CPU
	EndGlobalSection
	GlobalSection(ProjectConfigurationPlatforms) = postSolution
		{E3A2FFA4-EDD8-431C-898C-0A1822759183}.Debug|Any CPU.ActiveCfg = Debug|Any CPU
		{E3A2FFA4-EDD8-431C-898C-0A1822759183}.Debug|Any CPU.Build.0 = Debug|Any CPU
		{E3A2FFA4-EDD8-431C-898C-0A1822759183}.Release|Any CPU.ActiveCfg = Release|Any CPU
		{E3A2FFA4-EDD8-431C-898C-0A1822759183}.Release|Any CPU.Build.0 = Release|Any CPU
		{A7A6959A-5024-4163-9678-2D13DB0F88EB}.Debug|Any CPU.ActiveCfg = Debug|Any CPU
		{A7A6959A-5024-4163-9678-2D13DB0F88EB}.Debug|Any CPU.Build.0 = Debug|Any CPU
		{A7A6959A-5024-4163-9678-2D13DB0F88EB}.Release|Any CPU.ActiveCfg = Release|Any CPU
		{A7A6959A-5024-4163-9678-2D13DB0F88EB}.Release|Any CPU.Build.0 = Release|Any CPU
	EndGlobalSection
	GlobalSection(SolutionProperties) = preSolution
		HideSolutionNode = FALSE
	EndGlobalSection
	GlobalSection(ExtensibilityGlobals) = postSolution
		SolutionGuid = {FFE816DA-461B-4105-B3BD-2CDEAA57C437}
	EndGlobalSection
EndGlobal
